[[tools.air]]
version = "1.62.0"
backend = "aqua:air-verse/air"

[[tools.amp]]
version = "0.0.1760587291-gab1037"
backend = "npm:@sourcegraph/amp"

[[tools."aqua:joshmedeski/sesh"]]
version = "2.17.1"
backend = "aqua:joshmedeski/sesh"

[[tools.biome]]
version = "2.3.0"
backend = "aqua:biomejs/biome"

[tools.biome.platforms.linux-x64]
checksum = "blake3:eeae07ac349b47c0b6c2585a95869d99e1093bc844ca569a895aa0285cca026b"
size = 43339080
url = "https://github.com/biomejs/biome/releases/download/%40biomejs/biome%402.3.0/biome-linux-x64"

[[tools.bob]]
version = "4.1.2"
backend = "aqua:MordechaiHadad/bob"

[[tools.bun]]
version = "1.2.22"
backend = "core:bun"

[tools.bun.platforms.linux-x64]
checksum = "blake3:bf32acffd6e77803ba760caf8d2909389da01c95613b81fe155fe87e2a8f8004"
size = 39256266

[tools.bun.platforms.macos-arm64]
checksum = "blake3:ec41528ae2badd9c5d41cefe2c463a307c46d9b5f0ccf157d6f406890340833e"
size = 22178114

[[tools.docker-cli]]
version = "28.3.3"
backend = "aqua:docker/cli"

[[tools.docker-compose]]
version = "2.39.2"
backend = "aqua:docker/compose"

[[tools.github-cli]]
version = "2.78.0"
backend = "aqua:cli/cli"

[[tools.go]]
version = "1.25.0"
backend = "core:go"

[[tools.golangci-lint]]
version = "2.6.0"
backend = "aqua:golangci/golangci-lint"

[tools.golangci-lint.platforms.linux-x64]
checksum = "sha256:4eeff6a6b8c3d3b5b8e7ba2773f765fe1000979c1ccf50941b25ea13b7c7c1cb"
size = 14404512
url = "https://github.com/golangci/golangci-lint/releases/download/v2.6.0/golangci-lint-2.6.0-linux-amd64.tar.gz"

[[tools.httpie-go]]
version = "0.7.0"
backend = "aqua:nojima/httpie-go"

[[tools.java]]
version = "21.0.2"
backend = "core:java"

[tools.java.platforms.macos-arm64]
checksum = "sha256:b3d588e16ec1e0ef9805d8a696591bd518a5cea62567da8f53b5ce32d11d22e4"
size = 197537405
url = "https://download.java.net/java/GA/jdk21.0.2/f2283984656d49d69e91c558476027ac/13/GPL/openjdk-21.0.2_macos-aarch64_bin.tar.gz"

[[tools.k6]]
version = "1.2.3"
backend = "aqua:grafana/k6"

[[tools.k9s]]
version = "0.50.9"
backend = "aqua:derailed/k9s"

[[tools.kotlin]]
version = "2.2.20"
backend = "asdf:kotlin"

[[tools.kubectl]]
version = "1.34.0"
backend = "aqua:kubernetes/kubernetes/kubectl"

[[tools.lazydocker]]
version = "0.24.1"
backend = "aqua:jesseduffield/lazydocker"

[[tools.node]]
version = "22.19.0"
backend = "core:node"

[tools.node.platforms.macos-arm64]
checksum = "sha256:c59006db713c770d6ec63ae16cb3edc11f49ee093b5c415d667bb4f436c6526d"
size = 47739366
url = "https://nodejs.org/dist/v22.19.0/node-v22.19.0-darwin-arm64.tar.gz"

[[tools."npm:@astrojs/ts-plugin"]]
version = "1.10.5"
backend = "npm:@astrojs/ts-plugin"

[[tools."npm:@frostoven/squoosh-cli"]]
version = "0.9.1"
backend = "npm:@frostoven/squoosh-cli"

[[tools."npm:@vue/typescript-plugin"]]
version = "3.1.1"
backend = "npm:@vue/typescript-plugin"

[[tools."npm:opencode-ai"]]
version = "0.15.30"
backend = "npm:opencode-ai"

[[tools."npm:typescript-svelte-plugin"]]
version = "0.3.50"
backend = "npm:typescript-svelte-plugin"

[[tools.oxlint]]
version = "1.16.0"
backend = "aqua:oxc-project/oxc/oxlint"

[[tools.prettier]]
version = "3.6.2"
backend = "npm:prettier"

[[tools.python]]
version = "3.13.7"
backend = "core:python"

[[tools.trivy]]
version = "0.66.0"
backend = "aqua:aquasecurity/trivy"

[tools.trivy.platforms.macos-arm64]
checksum = "sha256:964bb69fc0e652891b38514fed4ee31de004a58ac22ea2a23c6891728bb6b6eb"
size = 44311024
url = "https://github.com/aquasecurity/trivy/releases/download/v0.66.0/trivy_0.66.0_macOS-ARM64.tar.gz"

[[tools.uv]]
version = "0.8.15"
backend = "aqua:astral-sh/uv"
