[[tools.air]]
version = "1.63.1"
backend = "aqua:air-verse/air"

[tools.air.platforms.linux-x64]
checksum = "sha256:754ec1123ace74ac61caf14bce1d494f65a1477018aca359e96d75f7493e26e0"
size = 3725302
url = "https://github.com/air-verse/air/releases/download/v1.63.1/air_1.63.1_linux_amd64.tar.gz"

[[tools.amp]]
version = "0.0.1764148488-g9863c7"
backend = "npm:@sourcegraph/amp"

[[tools."aqua:joshmedeski/sesh"]]
version = "2.19.0"
backend = "aqua:joshmedeski/sesh"

[tools."aqua:joshmedeski/sesh".platforms.linux-x64]
checksum = "sha256:e3972ed89b587f52aa0c576f472f9a8f1774fc69e0bdb142a9bc61781d88843a"
size = 4862342
url = "https://github.com/joshmedeski/sesh/releases/download/v2.19.0/sesh_Linux_x86_64.tar.gz"

[[tools.aws-cli]]
version = "2.32.4"
backend = "aqua:aws/aws-cli"

[tools.aws-cli.platforms.linux-x64]
checksum = "blake3:5845fa309908990a0b681d87cada5f0b63c2509907dad90d8fb95a09fdcca4d1"
size = 62727324
url = "https://awscli.amazonaws.com/awscli-exe-linux-x86_64-2.32.4.zip"

[[tools.biome]]
version = "2.3.7"
backend = "aqua:biomejs/biome"

[tools.biome.platforms.linux-x64]
checksum = "blake3:c685bac331ce55e7b0360d56b5953db8105f687c164c6d5050a7991591ffc239"
size = 44894088
url = "https://github.com/biomejs/biome/releases/download/%40biomejs/biome%402.3.7/biome-linux-x64"

[[tools.bob]]
version = "4.1.5"
backend = "aqua:MordechaiHadad/bob"

[tools.bob.platforms.linux-x64]
checksum = "blake3:a2c1688c586470e6995183cf2360f3604d0468c2e95339634b77abff714d00b3"
size = 2524202
url = "https://github.com/MordechaiHadad/bob/releases/download/v4.1.5/bob-linux-x86_64.zip"

[[tools.bun]]
version = "1.3.3"
backend = "core:bun"

[tools.bun.platforms.linux-x64]
checksum = "blake3:21d78fbc47b9175cc18a79bc228c6b3aa92d102c3f9c006934101c6b588cc900"
size = 39185481

[[tools.docker-cli]]
version = "29.0.4"
backend = "aqua:docker/cli"

[tools.docker-cli.platforms.linux-x64]
checksum = "blake3:574d4bdb5d05585723be14b7137240d97620c6fcccbd6e616c6d426aa575a6f2"
size = 79929485
url = "https://download.docker.com/linux/static/stable/x86_64/docker-29.0.4.tgz"

[[tools.docker-compose]]
version = "2.40.3"
backend = "aqua:docker/compose"

[tools.docker-compose.platforms.linux-x64]
checksum = "sha256:dba9d98e1ba5bfe11d88c99b9bd32fc4a0624a30fafe68eea34d61a3e42fd372"
size = 76593282
url = "https://github.com/docker/compose/releases/download/v2.40.3/docker-compose-linux-x86_64"

[[tools.github-cli]]
version = "2.83.1"
backend = "aqua:cli/cli"

[tools.github-cli.platforms.linux-x64]
checksum = "sha256:1c5252d4ce3db07b51c01ff0b909583da6364ff3fdc06d0c2e75e62dc0380a34"
size = 18174787
url = "https://github.com/cli/cli/releases/download/v2.83.1/gh_2.83.1_linux_amd64.tar.gz"

[[tools.go]]
version = "1.25.4"
backend = "core:go"

[[tools.golangci-lint]]
version = "2.6.2"
backend = "aqua:golangci/golangci-lint"

[tools.golangci-lint.platforms.linux-x64]
checksum = "sha256:499c864b5fd9841c4fa8e80b5e2be30f73f085cf186f1b111ff81a2783b7de12"
size = 14406341
url = "https://github.com/golangci/golangci-lint/releases/download/v2.6.2/golangci-lint-2.6.2-linux-amd64.tar.gz"

[[tools.httpie-go]]
version = "0.7.0"
backend = "aqua:nojima/httpie-go"

[[tools.java]]
version = "21.0.2"
backend = "core:java"

[tools.java.platforms.macos-arm64]
checksum = "sha256:b3d588e16ec1e0ef9805d8a696591bd518a5cea62567da8f53b5ce32d11d22e4"
size = 197537405
url = "https://download.java.net/java/GA/jdk21.0.2/f2283984656d49d69e91c558476027ac/13/GPL/openjdk-21.0.2_macos-aarch64_bin.tar.gz"

[[tools.k6]]
version = "1.4.2"
backend = "aqua:grafana/k6"

[tools.k6.platforms.linux-x64]
checksum = "sha256:c827501f510265db9c3313e4164d2585a97c7a3485ed440b93f7b1cfe6facd28"
size = 30713523
url = "https://github.com/grafana/k6/releases/download/v1.4.2/k6-v1.4.2-linux-amd64.tar.gz"

[[tools.k9s]]
version = "0.50.16"
backend = "aqua:derailed/k9s"

[tools.k9s.platforms.linux-x64]
checksum = "sha256:bda09dc030a08987fe2b3bed678b15b52f23d6705e872d561932d4ca07db7818"
size = 40791576
url = "https://github.com/derailed/k9s/releases/download/v0.50.16/k9s_Linux_amd64.tar.gz"

[[tools.kotlin]]
version = "2.2.21"
backend = "asdf:kotlin"

[[tools.kubectl]]
version = "1.34.2"
backend = "aqua:kubernetes/kubernetes/kubectl"

[tools.kubectl.platforms.linux-x64]
checksum = "sha256:9591f3d75e1581f3f7392e6ad119aab2f28ae7d6c6e083dc5d22469667f27253"
size = 60559544
url = "https://dl.k8s.io/v1.34.2/bin/linux/amd64/kubectl"

[[tools.lazydocker]]
version = "0.24.2"
backend = "aqua:jesseduffield/lazydocker"

[tools.lazydocker.platforms.linux-x64]
checksum = "sha256:ab1e3ddc208fdd8ea1a1789cf3af5d83a8ed5c6a482788d09dfcd147adb2a2e4"
size = 4730134
url = "https://github.com/jesseduffield/lazydocker/releases/download/v0.24.2/lazydocker_0.24.2_Linux_x86_64.tar.gz"

[[tools.node]]
version = "24.11.0"
backend = "core:node"

[tools.node.platforms.linux-x64]
checksum = "sha256:b3c071cdf47aab867c3b2aa287257df12ec5d7c962bf922b32fd33226c4295fd"
size = 58899117
url = "https://nodejs.org/dist/v24.11.0/node-v24.11.0-linux-x64.tar.gz"

[tools.node.platforms.macos-arm64]
checksum = "sha256:0be2ab2816a4fa02d1acff014a434f29f56d8d956f5af6a98b70ced6c5f4d201"
size = 51168984
url = "https://nodejs.org/dist/v24.11.0/node-v24.11.0-darwin-arm64.tar.gz"

[[tools."npm:@astrojs/ts-plugin"]]
version = "1.10.5"
backend = "npm:@astrojs/ts-plugin"

[[tools."npm:@frostoven/squoosh-cli"]]
version = "0.9.1"
backend = "npm:@frostoven/squoosh-cli"

[[tools."npm:@vue/typescript-plugin"]]
version = "3.1.5"
backend = "npm:@vue/typescript-plugin"

[[tools."npm:opencode-ai"]]
version = "1.0.134"
backend = "npm:opencode-ai"

[[tools."npm:typescript-svelte-plugin"]]
version = "0.3.50"
backend = "npm:typescript-svelte-plugin"

[[tools.oxlint]]
version = "1.16.0"
backend = "aqua:oxc-project/oxc/oxlint"

[[tools."pipx:mycli"]]
version = "1.41.2"
backend = "pipx:mycli"

[[tools."pipx:pgcli"]]
version = "4.3.0"
backend = "pipx:pgcli"

[[tools.prettier]]
version = "3.6.2"
backend = "npm:prettier"

[[tools.python]]
version = "3.13.7"
backend = "core:python"

[[tools.television]]
version = "0.13.12"
backend = "aqua:alexpasmantier/television"

[tools.television.platforms.linux-x64]
checksum = "sha256:bfa007178e874b52b34cadf274300b94016a2f8c19d93ce3656f294768bac981"
size = 4089534
url = "https://github.com/alexpasmantier/television/releases/download/0.13.12/tv-0.13.12-x86_64-unknown-linux-musl.tar.gz"

[tools.television.platforms.macos-arm64]
checksum = "sha256:86a4791c336a65774352710ff842b4babae89c3592e343dba0d1a3a72499d416"
size = 3565255
url = "https://github.com/alexpasmantier/television/releases/download/0.13.12/tv-0.13.12-aarch64-apple-darwin.tar.gz"

[[tools.trivy]]
version = "0.67.2"
backend = "aqua:aquasecurity/trivy"

[tools.trivy.platforms.linux-x64]
checksum = "sha256:546511a5514afc813c0b72e4abeea2c16a32228a13a1e5114d927c190e76b1f9"
size = 47048799
url = "https://github.com/aquasecurity/trivy/releases/download/v0.67.2/trivy_0.67.2_Linux-64bit.tar.gz"

[[tools.uv]]
version = "0.9.12"
backend = "aqua:astral-sh/uv"

[tools.uv.platforms.linux-x64]
checksum = "sha256:3621344419cedb7625f0c07c54e876d0a6bb5576b39879b118ed96a6d104fd11"
size = 21947636
url = "https://github.com/astral-sh/uv/releases/download/0.9.12/uv-x86_64-unknown-linux-musl.tar.gz"
