# @generated - this file is auto-generated by `mise lock` https://mise.jdx.dev/dev-tools/mise-lock.html

[[tools.air]]
version = "1.64.5"
backend = "aqua:air-verse/air"

[tools.air."platforms.linux-x64"]
checksum = "sha256:2318802038baead95775b871ea7b6dd40d7e1af2f1bb63f590e86465544bb993"
url = "https://github.com/air-verse/air/releases/download/v1.64.5/air_1.64.5_linux_amd64.tar.gz"

[[tools.amp]]
version = "0.0.1766937678-g9acadc"
backend = "npm:@sourcegraph/amp"

[[tools."aqua:anomalyco/opencode"]]
version = "1.2.27"
backend = "aqua:anomalyco/opencode"

[tools."aqua:anomalyco/opencode"."platforms.linux-arm64"]
checksum = "sha256:bcd91a3ebe9480ffb1702e5c71168d451150421acc99c6d1abf5edc5e2cb39f5"
url = "https://github.com/anomalyco/opencode/releases/download/v1.2.27/opencode-linux-arm64.tar.gz"

[tools."aqua:anomalyco/opencode"."platforms.linux-arm64-musl"]
checksum = "sha256:bcd91a3ebe9480ffb1702e5c71168d451150421acc99c6d1abf5edc5e2cb39f5"
url = "https://github.com/anomalyco/opencode/releases/download/v1.2.27/opencode-linux-arm64.tar.gz"

[tools."aqua:anomalyco/opencode"."platforms.linux-x64"]
checksum = "sha256:6fe3820b145857f7ff507d2826058b7acf1fce8258def1498468dd43809e69e8"
url = "https://github.com/anomalyco/opencode/releases/download/v1.2.27/opencode-linux-x64.tar.gz"

[tools."aqua:anomalyco/opencode"."platforms.linux-x64-musl"]
checksum = "sha256:6fe3820b145857f7ff507d2826058b7acf1fce8258def1498468dd43809e69e8"
url = "https://github.com/anomalyco/opencode/releases/download/v1.2.27/opencode-linux-x64.tar.gz"

[tools."aqua:anomalyco/opencode"."platforms.macos-arm64"]
checksum = "sha256:fa680fa79086c7509d3a2c21e49c9264b803da7c0f1b7807ed842b8e37325597"
url = "https://github.com/anomalyco/opencode/releases/download/v1.2.27/opencode-darwin-arm64.zip"

[tools."aqua:anomalyco/opencode"."platforms.macos-x64"]
checksum = "sha256:fc719db27acbc817ff2a4df2bbaa788e02976ddc26a96c84de4fdbe663714b8c"
url = "https://github.com/anomalyco/opencode/releases/download/v1.2.27/opencode-darwin-x64.zip"

[tools."aqua:anomalyco/opencode"."platforms.windows-x64"]
checksum = "sha256:9e2e43568e6f952e8c7cb77b934fbff53f454f0213688f24f3c3769b69703e84"
url = "https://github.com/anomalyco/opencode/releases/download/v1.2.27/opencode-windows-x64.zip"

[[tools."aqua:joshmedeski/sesh"]]
version = "2.24.2"
backend = "aqua:joshmedeski/sesh"

[tools."aqua:joshmedeski/sesh"."platforms.linux-x64"]
checksum = "sha256:a33199a6fd5c39628872be1bc40753af755e1dc822f64a27c09a23e330ddd0d0"
url = "https://github.com/joshmedeski/sesh/releases/download/v2.24.2/sesh_Linux_x86_64.tar.gz"

[[tools.aws-cli]]
version = "2.34.11"
backend = "aqua:aws/aws-cli"

[tools.aws-cli."platforms.linux-arm64"]
url = "https://awscli.amazonaws.com/awscli-exe-linux-aarch64-2.34.11.zip"

[tools.aws-cli."platforms.linux-arm64-musl"]
url = "https://awscli.amazonaws.com/awscli-exe-linux-aarch64-2.34.11.zip"

[tools.aws-cli."platforms.linux-x64"]
url = "https://awscli.amazonaws.com/awscli-exe-linux-x86_64-2.34.11.zip"

[tools.aws-cli."platforms.linux-x64-musl"]
url = "https://awscli.amazonaws.com/awscli-exe-linux-x86_64-2.34.11.zip"

[tools.aws-cli."platforms.macos-arm64"]
checksum = "blake3:377ff73008b9c1f6fccb855367898116dd368bc93711e7c271c8505988e6fabf"
url = "https://awscli.amazonaws.com/AWSCLIV2-2.34.11.pkg"

[tools.aws-cli."platforms.macos-x64"]
url = "https://awscli.amazonaws.com/AWSCLIV2-2.34.11.pkg"

[[tools.biome]]
version = "2.4.6"
backend = "aqua:biomejs/biome"

[tools.biome."platforms.linux-arm64"]
checksum = "sha256:2da0b8d028e77f778900ac84e1d44bbc70332da9ffdae3ec3aa04355f339fa7a"
url = "https://github.com/biomejs/biome/releases/download/%40biomejs/biome%402.4.6/biome-linux-arm64"

[tools.biome."platforms.linux-arm64-musl"]
checksum = "sha256:2da0b8d028e77f778900ac84e1d44bbc70332da9ffdae3ec3aa04355f339fa7a"
url = "https://github.com/biomejs/biome/releases/download/%40biomejs/biome%402.4.6/biome-linux-arm64"

[tools.biome."platforms.linux-x64"]
checksum = "sha256:6bc192f1f0b3495443472d95bd4dbfc9372c17f7ac51256d635192ca525da59d"
url = "https://github.com/biomejs/biome/releases/download/%40biomejs/biome%402.4.6/biome-linux-x64"
provenance = "github-attestations"

[tools.biome."platforms.linux-x64-musl"]
checksum = "sha256:6bc192f1f0b3495443472d95bd4dbfc9372c17f7ac51256d635192ca525da59d"
url = "https://github.com/biomejs/biome/releases/download/%40biomejs/biome%402.4.6/biome-linux-x64"

[tools.biome."platforms.macos-arm64"]
checksum = "sha256:8452b1175f297b69c5b71fe3bd044b381a78c812d7c0f437638fcb3a325973c9"
url = "https://github.com/biomejs/biome/releases/download/%40biomejs/biome%402.4.6/biome-darwin-arm64"

[tools.biome."platforms.macos-x64"]
checksum = "sha256:169f3f31d1bd8be09f184eca55184e71d0449ef57c79ea56d0202358709431fb"
url = "https://github.com/biomejs/biome/releases/download/%40biomejs/biome%402.4.6/biome-darwin-x64"

[tools.biome."platforms.windows-x64"]
checksum = "sha256:4c1d9cb0a2d9442ff7ffdf3bd07654e5a8bb24f2236f596d0cc414653bbf91d5"
url = "https://github.com/biomejs/biome/releases/download/%40biomejs/biome%402.4.6/biome-win32-x64.exe"

[[tools.bob]]
version = "4.1.6"
backend = "aqua:MordechaiHadad/bob"

[tools.bob."platforms.macos-arm64"]
checksum = "blake3:5f4723d8f852ad1c0fb29aab12ef337727ef4f5c0ef8bae501daf53e7526511f"
url = "https://github.com/MordechaiHadad/bob/releases/download/v4.1.6/bob-macos-arm.zip"

[[tools.bun]]
version = "1.3.11"
backend = "core:bun"

[tools.bun."platforms.linux-arm64"]
checksum = "sha256:d13944da12a53ecc74bf6a720bd1d04c4555c038dfe422365356a7be47691fdf"
url = "https://github.com/oven-sh/bun/releases/download/bun-v1.3.11/bun-linux-aarch64.zip"

[tools.bun."platforms.linux-arm64-musl"]
checksum = "sha256:0f5bf5dc3f276053196274bb84f90a44e2fa40c9432bd6757e3247a8d9476a3d"
url = "https://github.com/oven-sh/bun/releases/download/bun-v1.3.11/bun-linux-aarch64-musl.zip"

[tools.bun."platforms.linux-x64"]
checksum = "sha256:8611ba935af886f05a6f38740a15160326c15e5d5d07adef966130b4493607ed"
url = "https://github.com/oven-sh/bun/releases/download/bun-v1.3.11/bun-linux-x64.zip"

[tools.bun."platforms.linux-x64-baseline"]
checksum = "sha256:abe346f63414547cdf6b35b7a649a490c728b93d006226156923918a84c0e59b"
url = "https://github.com/oven-sh/bun/releases/download/bun-v1.3.11/bun-linux-x64-baseline.zip"

[tools.bun."platforms.linux-x64-musl"]
checksum = "sha256:b0fce3bc4fab52f26a1e0d8886dc07fd0c0eb2a274cb343b59c83a2d5997b5b1"
url = "https://github.com/oven-sh/bun/releases/download/bun-v1.3.11/bun-linux-x64-musl.zip"

[tools.bun."platforms.linux-x64-musl-baseline"]
checksum = "sha256:2fa2b697f14ada86a28df771d3876ca7606d7453b2339454893b1937aa9c0c7e"
url = "https://github.com/oven-sh/bun/releases/download/bun-v1.3.11/bun-linux-x64-musl-baseline.zip"

[tools.bun."platforms.macos-arm64"]
checksum = "sha256:6f5a3467ed9caec4795bf78cd476507d9f870c7d57b86c945fcb338126772ffc"
url = "https://github.com/oven-sh/bun/releases/download/bun-v1.3.11/bun-darwin-aarch64.zip"

[tools.bun."platforms.macos-x64"]
checksum = "sha256:c4fe2b9247218b0295f24e895aaec8fee62e74452679a9026b67eacbd611a286"
url = "https://github.com/oven-sh/bun/releases/download/bun-v1.3.11/bun-darwin-x64.zip"

[tools.bun."platforms.macos-x64-baseline"]
checksum = "sha256:fb6739b08bf54550edaa7c824cd5b2dca45b6a06afef408443087a63105f6f8d"
url = "https://github.com/oven-sh/bun/releases/download/bun-v1.3.11/bun-darwin-x64-baseline.zip"

[tools.bun."platforms.windows-x64"]
checksum = "sha256:066f8694f8b7d8df592452746d18f01710d4053e93030922dbc6e8c34a8c4b9f"
url = "https://github.com/oven-sh/bun/releases/download/bun-v1.3.11/bun-windows-x64.zip"

[tools.bun."platforms.windows-x64-baseline"]
checksum = "sha256:9d0e0f923e9626f3bc6044fc32e0d3ab29039aea753f5678ef8801cf26f75288"
url = "https://github.com/oven-sh/bun/releases/download/bun-v1.3.11/bun-windows-x64-baseline.zip"

[[tools.claude]]
version = "2.0.76"
backend = "npm:@anthropic-ai/claude-code"

[[tools.codex]]
version = "0.115.0"
backend = "aqua:openai/codex"

[tools.codex."platforms.linux-arm64"]
checksum = "sha256:048a55cc09cdcc6d0bf5c5eb2d526452f3d6725135f1b07340bf29d8e7787266"
url = "https://github.com/openai/codex/releases/download/rust-v0.115.0/codex-aarch64-unknown-linux-musl.zst"

[tools.codex."platforms.linux-arm64-musl"]
checksum = "sha256:048a55cc09cdcc6d0bf5c5eb2d526452f3d6725135f1b07340bf29d8e7787266"
url = "https://github.com/openai/codex/releases/download/rust-v0.115.0/codex-aarch64-unknown-linux-musl.zst"

[tools.codex."platforms.linux-x64"]
checksum = "sha256:8aedf14e762568e6bbb60b1617a38a34a74f2e497870b85820bbe3807ee39105"
url = "https://github.com/openai/codex/releases/download/rust-v0.115.0/codex-x86_64-unknown-linux-musl.zst"

[tools.codex."platforms.linux-x64-musl"]
checksum = "sha256:8aedf14e762568e6bbb60b1617a38a34a74f2e497870b85820bbe3807ee39105"
url = "https://github.com/openai/codex/releases/download/rust-v0.115.0/codex-x86_64-unknown-linux-musl.zst"

[tools.codex."platforms.macos-arm64"]
checksum = "sha256:bb714e68b8c6b1b8393bbc7bbe7a1a2449fba1c3e6ce93721be47f85446c1627"
url = "https://github.com/openai/codex/releases/download/rust-v0.115.0/codex-aarch64-apple-darwin.zst"

[tools.codex."platforms.macos-x64"]
checksum = "sha256:48a9cb710e8d70790854f78829f67711033c112df41e8adc0d678966cddae340"
url = "https://github.com/openai/codex/releases/download/rust-v0.115.0/codex-x86_64-apple-darwin.zst"

[tools.codex."platforms.windows-x64"]
checksum = "sha256:3a948e30610fd64f9ed2df748e3b9a20370041ebb1abe919ba85f0bc67127000"
url = "https://github.com/openai/codex/releases/download/rust-v0.115.0/codex-x86_64-pc-windows-msvc.exe.zst"

[[tools.docker-cli]]
version = "29.3.0"
backend = "aqua:docker/cli"

[tools.docker-cli."platforms.linux-arm64"]
url = "https://download.docker.com/linux/static/stable/aarch64/docker-29.3.0.tgz"

[tools.docker-cli."platforms.linux-arm64-musl"]
url = "https://download.docker.com/linux/static/stable/aarch64/docker-29.3.0.tgz"

[tools.docker-cli."platforms.linux-x64"]
checksum = "blake3:795d74ebb3bbb945e0b51f86648dfc5e491938d387dc6ed7c2fbbc53d987b732"
url = "https://download.docker.com/linux/static/stable/x86_64/docker-29.3.0.tgz"

[tools.docker-cli."platforms.linux-x64-musl"]
url = "https://download.docker.com/linux/static/stable/x86_64/docker-29.3.0.tgz"

[tools.docker-cli."platforms.macos-arm64"]
url = "https://download.docker.com/mac/static/stable/aarch64/docker-29.3.0.tgz"

[tools.docker-cli."platforms.macos-x64"]
url = "https://download.docker.com/mac/static/stable/x86_64/docker-29.3.0.tgz"

[tools.docker-cli."platforms.windows-x64"]
url = "https://download.docker.com/win/static/stable/x86_64/docker-29.3.0.zip"

[[tools.docker-compose]]
version = "5.0.2"
backend = "aqua:docker/compose"

[tools.docker-compose."platforms.linux-x64"]
checksum = "sha256:2d880f723d3da7c779c54fdaea91a842fca8af55d1397f1ed8d7cbab3dd7af67"
url = "https://github.com/docker/compose/releases/download/v5.0.2/docker-compose-linux-x86_64"

[[tools.github-cli]]
version = "2.88.1"
backend = "aqua:cli/cli"

[tools.github-cli."platforms.linux-arm64"]
checksum = "sha256:039ce25aab0cfa0ea5160e3db75ed44699bde4b20ff63ec5991f82201f1b33b8"
url = "https://github.com/cli/cli/releases/download/v2.88.1/gh_2.88.1_linux_arm64.tar.gz"

[tools.github-cli."platforms.linux-arm64-musl"]
checksum = "sha256:039ce25aab0cfa0ea5160e3db75ed44699bde4b20ff63ec5991f82201f1b33b8"
url = "https://github.com/cli/cli/releases/download/v2.88.1/gh_2.88.1_linux_arm64.tar.gz"

[tools.github-cli."platforms.linux-x64"]
checksum = "sha256:36352a993b97e9758793cdb87f9ba674bd6d88c914488e122be78a1962203803"
url = "https://github.com/cli/cli/releases/download/v2.88.1/gh_2.88.1_linux_amd64.tar.gz"
provenance = "github-attestations"

[tools.github-cli."platforms.linux-x64-musl"]
checksum = "sha256:36352a993b97e9758793cdb87f9ba674bd6d88c914488e122be78a1962203803"
url = "https://github.com/cli/cli/releases/download/v2.88.1/gh_2.88.1_linux_amd64.tar.gz"

[tools.github-cli."platforms.macos-arm64"]
checksum = "sha256:bdbeed4821d450ef0d14821d856c05b308ab449fbf60527f298d96fbf5d2447b"
url = "https://github.com/cli/cli/releases/download/v2.88.1/gh_2.88.1_macOS_arm64.zip"

[tools.github-cli."platforms.macos-x64"]
checksum = "sha256:ff0fc4bdb9699f0c02e5bcdcbd09d0f8e4c4659aa5d30bcd39a3557ed7379b2e"
url = "https://github.com/cli/cli/releases/download/v2.88.1/gh_2.88.1_macOS_amd64.zip"

[tools.github-cli."platforms.windows-x64"]
checksum = "sha256:8fdaac525d8919f9f8c265f99ffa26189e5f1fd3a35636adad4fd890a141a555"
url = "https://github.com/cli/cli/releases/download/v2.88.1/gh_2.88.1_windows_amd64.zip"

[[tools.go]]
version = "1.25.8"
backend = "core:go"

[tools.go."platforms.linux-arm64"]
checksum = "sha256:7d137f59f66bb93f40a6b2b11e713adc2a9d0c8d9ae581718e3fad19e5295dc7"
url = "https://dl.google.com/go/go1.25.8.linux-arm64.tar.gz"

[tools.go."platforms.linux-arm64-musl"]
checksum = "sha256:7d137f59f66bb93f40a6b2b11e713adc2a9d0c8d9ae581718e3fad19e5295dc7"
url = "https://dl.google.com/go/go1.25.8.linux-arm64.tar.gz"

[tools.go."platforms.linux-x64"]
checksum = "sha256:ceb5e041bbc3893846bd1614d76cb4681c91dadee579426cf21a63f2d7e03be6"
url = "https://dl.google.com/go/go1.25.8.linux-amd64.tar.gz"

[tools.go."platforms.linux-x64-musl"]
checksum = "sha256:ceb5e041bbc3893846bd1614d76cb4681c91dadee579426cf21a63f2d7e03be6"
url = "https://dl.google.com/go/go1.25.8.linux-amd64.tar.gz"

[tools.go."platforms.macos-arm64"]
checksum = "sha256:c6547959f5dbe8440bf3da972bd65ba900168de5e7ab01464fbdc7ac8375c21c"
url = "https://dl.google.com/go/go1.25.8.darwin-arm64.tar.gz"

[tools.go."platforms.macos-x64"]
checksum = "sha256:a0b8136598baf192af400051cee2481ffb407f4c113a81ff400896e26cbce9e4"
url = "https://dl.google.com/go/go1.25.8.darwin-amd64.tar.gz"

[tools.go."platforms.windows-x64"]
checksum = "sha256:8d4ed9a270b33df7a6d3ff3a5316e103e0042fcc4f0c9a80e40378700bab6794"
url = "https://dl.google.com/go/go1.25.8.windows-amd64.zip"

[[tools.golangci-lint]]
version = "2.11.3"
backend = "aqua:golangci/golangci-lint"

[tools.golangci-lint."platforms.linux-arm64"]
checksum = "sha256:ee3d95f301359e7d578e6d99c8ad5aeadbabc5a13009a30b2b0df11c8058afe9"
url = "https://github.com/golangci/golangci-lint/releases/download/v2.11.3/golangci-lint-2.11.3-linux-arm64.tar.gz"

[tools.golangci-lint."platforms.linux-arm64-musl"]
checksum = "sha256:ee3d95f301359e7d578e6d99c8ad5aeadbabc5a13009a30b2b0df11c8058afe9"
url = "https://github.com/golangci/golangci-lint/releases/download/v2.11.3/golangci-lint-2.11.3-linux-arm64.tar.gz"

[tools.golangci-lint."platforms.linux-x64"]
checksum = "sha256:87bb8cddbcc825d5778b64e8a91b46c0526b247f4e2f2904dea74ec7450475d1"
url = "https://github.com/golangci/golangci-lint/releases/download/v2.11.3/golangci-lint-2.11.3-linux-amd64.tar.gz"
provenance = "github-attestations"

[tools.golangci-lint."platforms.linux-x64-musl"]
checksum = "sha256:87bb8cddbcc825d5778b64e8a91b46c0526b247f4e2f2904dea74ec7450475d1"
url = "https://github.com/golangci/golangci-lint/releases/download/v2.11.3/golangci-lint-2.11.3-linux-amd64.tar.gz"

[tools.golangci-lint."platforms.macos-arm64"]
checksum = "sha256:30ee39979c516b9d1adca289a3f93429d130c4c0fda5e57d637850894221f6cc"
url = "https://github.com/golangci/golangci-lint/releases/download/v2.11.3/golangci-lint-2.11.3-darwin-arm64.tar.gz"

[tools.golangci-lint."platforms.macos-x64"]
checksum = "sha256:f93bda1f2cc981fd1326464020494be62f387bbf262706e1b3b644e5afacc440"
url = "https://github.com/golangci/golangci-lint/releases/download/v2.11.3/golangci-lint-2.11.3-darwin-amd64.tar.gz"

[tools.golangci-lint."platforms.windows-x64"]
checksum = "sha256:cd42e890176bc5cfeb36225a77e66b9410ddd3a59a03551e23f6b210d29e1f67"
url = "https://github.com/golangci/golangci-lint/releases/download/v2.11.3/golangci-lint-2.11.3-windows-amd64.zip"

[[tools.httpie-go]]
version = "0.7.0"
backend = "aqua:nojima/httpie-go"

[[tools.java]]
version = "21.0.2"
backend = "core:java"

[[tools.k6]]
version = "1.6.1"
backend = "aqua:grafana/k6"

[tools.k6."platforms.linux-x64"]
checksum = "sha256:68df4958a1b089dc6f70a234e07c7ec818922f83b261ca24f3abf79882b13343"
url = "https://github.com/grafana/k6/releases/download/v1.6.1/k6-v1.6.1-linux-amd64.tar.gz"

[[tools.k9s]]
version = "0.50.18"
backend = "aqua:derailed/k9s"

[tools.k9s."platforms.linux-x64"]
checksum = "sha256:0b697ed4aa80997f7de4deeed6f1fba73df191b28bf691b1f28d2f45fa2a9e9b"
url = "https://github.com/derailed/k9s/releases/download/v0.50.18/k9s_Linux_amd64.tar.gz"

[[tools.kotlin]]
version = "2.3.20"
backend = "asdf:kotlin"

[[tools.kubectl]]
version = "1.35.2"
backend = "aqua:kubernetes/kubernetes/kubectl"

[tools.kubectl."platforms.linux-x64"]
checksum = "sha256:924eb50779153f20cb668117d141440b95df2f325a64452d78dff9469145e277"
url = "https://dl.k8s.io/v1.35.2/bin/linux/amd64/kubectl"

[[tools.lazydocker]]
version = "0.25.0"
backend = "aqua:jesseduffield/lazydocker"

[tools.lazydocker."platforms.linux-arm64"]
checksum = "sha256:75bf3df5ee3bfd8f20a98c009d6f6787d009f03385d0d56b2a2aea26bdb7c287"
url = "https://github.com/jesseduffield/lazydocker/releases/download/v0.25.0/lazydocker_0.25.0_Linux_arm64.tar.gz"

[tools.lazydocker."platforms.linux-arm64-musl"]
checksum = "sha256:75bf3df5ee3bfd8f20a98c009d6f6787d009f03385d0d56b2a2aea26bdb7c287"
url = "https://github.com/jesseduffield/lazydocker/releases/download/v0.25.0/lazydocker_0.25.0_Linux_arm64.tar.gz"

[tools.lazydocker."platforms.linux-x64"]
checksum = "sha256:9c17b1458b214af50168f5f5e981f1f9c4b34d13a22734b7318bf9a05132ff3d"
url = "https://github.com/jesseduffield/lazydocker/releases/download/v0.25.0/lazydocker_0.25.0_Linux_x86_64.tar.gz"

[tools.lazydocker."platforms.linux-x64-musl"]
checksum = "sha256:9c17b1458b214af50168f5f5e981f1f9c4b34d13a22734b7318bf9a05132ff3d"
url = "https://github.com/jesseduffield/lazydocker/releases/download/v0.25.0/lazydocker_0.25.0_Linux_x86_64.tar.gz"

[tools.lazydocker."platforms.macos-arm64"]
checksum = "sha256:55f0573847bbfa68b0129e7e6922f5766f300ea3411f8b41e34044f86111fa1a"
url = "https://github.com/jesseduffield/lazydocker/releases/download/v0.25.0/lazydocker_0.25.0_Darwin_arm64.tar.gz"

[tools.lazydocker."platforms.macos-x64"]
checksum = "sha256:0209a85adc5a6530e452ddfba6f4ddc735bbe953e2a7de76f555684933b01d65"
url = "https://github.com/jesseduffield/lazydocker/releases/download/v0.25.0/lazydocker_0.25.0_Darwin_x86_64.tar.gz"

[tools.lazydocker."platforms.windows-x64"]
checksum = "sha256:2af0b2516cd006b1849f2cdae4cd82abbf5d1c2d49b88563daffaa1fb4ac46bb"
url = "https://github.com/jesseduffield/lazydocker/releases/download/v0.25.0/lazydocker_0.25.0_Windows_x86_64.zip"

[[tools.node]]
version = "24.14.0"
backend = "core:node"

[tools.node."platforms.linux-arm64"]
checksum = "sha256:f44740cd218de8127f1c44c41510a3a740fa5c9c8d1cdce1c3bedada79f3cde7"
url = "https://nodejs.org/dist/v24.14.0/node-v24.14.0-linux-arm64.tar.gz"

[tools.node."platforms.linux-arm64-musl"]
checksum = "sha256:f44740cd218de8127f1c44c41510a3a740fa5c9c8d1cdce1c3bedada79f3cde7"
url = "https://nodejs.org/dist/v24.14.0/node-v24.14.0-linux-arm64.tar.gz"

[tools.node."platforms.linux-x64"]
checksum = "sha256:dbf5b8665dec15e59e6359a517fefb47b23fdb9152d8def975b9bca3dfc6d355"
url = "https://nodejs.org/dist/v24.14.0/node-v24.14.0-linux-x64.tar.gz"

[tools.node."platforms.linux-x64-musl"]
checksum = "sha256:dbf5b8665dec15e59e6359a517fefb47b23fdb9152d8def975b9bca3dfc6d355"
url = "https://nodejs.org/dist/v24.14.0/node-v24.14.0-linux-x64.tar.gz"

[tools.node."platforms.macos-arm64"]
checksum = "sha256:a1a54f46a750d2523d628d924aab61758a51c9dad3e0238beb14141be9615dd3"
url = "https://nodejs.org/dist/v24.14.0/node-v24.14.0-darwin-arm64.tar.gz"

[tools.node."platforms.macos-x64"]
checksum = "sha256:f2879eb810e25993a0578e5d878930266fd2eafcffe9f2839b3d8db354d4879e"
url = "https://nodejs.org/dist/v24.14.0/node-v24.14.0-darwin-x64.tar.gz"

[tools.node."platforms.windows-x64"]
checksum = "sha256:313fa40c0d7b18575821de8cb17483031fe07d95de5994f6f435f3b345f85c66"
url = "https://nodejs.org/dist/v24.14.0/node-v24.14.0-win-x64.zip"

[[tools."npm:@astrojs/ts-plugin"]]
version = "1.10.7"
backend = "npm:@astrojs/ts-plugin"

[[tools."npm:@bitwarden/cli"]]
version = "2026.2.0"
backend = "npm:@bitwarden/cli"

[[tools."npm:@frostoven/squoosh-cli"]]
version = "0.9.1"
backend = "npm:@frostoven/squoosh-cli"

[[tools."npm:@hubspot/cli"]]
version = "8.1.0"
backend = "npm:@hubspot/cli"

[[tools."npm:@vue/typescript-plugin"]]
version = "3.2.6"
backend = "npm:@vue/typescript-plugin"

[[tools."npm:oxfmt"]]
version = "0.41.0"
backend = "npm:oxfmt"

[[tools."npm:oxlint"]]
version = "1.56.0"
backend = "npm:oxlint"

[[tools."npm:oxlint-tsgolint"]]
version = "0.17.0"
backend = "npm:oxlint-tsgolint"

[[tools."npm:typescript-svelte-plugin"]]
version = "0.3.50"
backend = "npm:typescript-svelte-plugin"

[[tools.opencode]]
version = "1.2.27"
backend = "aqua:sst/opencode"

[tools.opencode."platforms.linux-arm64"]
checksum = "sha256:bcd91a3ebe9480ffb1702e5c71168d451150421acc99c6d1abf5edc5e2cb39f5"
url = "https://github.com/anomalyco/opencode/releases/download/v1.2.27/opencode-linux-arm64.tar.gz"

[tools.opencode."platforms.linux-arm64-musl"]
checksum = "sha256:bcd91a3ebe9480ffb1702e5c71168d451150421acc99c6d1abf5edc5e2cb39f5"
url = "https://github.com/anomalyco/opencode/releases/download/v1.2.27/opencode-linux-arm64.tar.gz"

[tools.opencode."platforms.linux-x64"]
checksum = "sha256:6fe3820b145857f7ff507d2826058b7acf1fce8258def1498468dd43809e69e8"
url = "https://github.com/anomalyco/opencode/releases/download/v1.2.27/opencode-linux-x64.tar.gz"

[tools.opencode."platforms.linux-x64-musl"]
checksum = "sha256:6fe3820b145857f7ff507d2826058b7acf1fce8258def1498468dd43809e69e8"
url = "https://github.com/anomalyco/opencode/releases/download/v1.2.27/opencode-linux-x64.tar.gz"

[tools.opencode."platforms.macos-arm64"]
checksum = "sha256:fa680fa79086c7509d3a2c21e49c9264b803da7c0f1b7807ed842b8e37325597"
url = "https://github.com/anomalyco/opencode/releases/download/v1.2.27/opencode-darwin-arm64.zip"

[tools.opencode."platforms.macos-x64"]
checksum = "sha256:fc719db27acbc817ff2a4df2bbaa788e02976ddc26a96c84de4fdbe663714b8c"
url = "https://github.com/anomalyco/opencode/releases/download/v1.2.27/opencode-darwin-x64.zip"

[tools.opencode."platforms.windows-x64"]
checksum = "sha256:9e2e43568e6f952e8c7cb77b934fbff53f454f0213688f24f3c3769b69703e84"
url = "https://github.com/anomalyco/opencode/releases/download/v1.2.27/opencode-windows-x64.zip"

[[tools.oxlint]]
version = "1.16.0"
backend = "aqua:oxc-project/oxc/oxlint"

[[tools."pipx:mycli"]]
version = "1.65.0"
backend = "pipx:mycli"

[[tools."pipx:pgcli"]]
version = "4.4.0"
backend = "pipx:pgcli"

[[tools."pipx:sqlit-tui"]]
version = "1.3.1.1"
backend = "pipx:sqlit-tui"

[[tools.prettier]]
version = "3.8.1"
backend = "npm:prettier"

[[tools.python]]
version = "3.13.12"
backend = "core:python"

[[tools.television]]
version = "0.15.3"
backend = "aqua:alexpasmantier/television"

[tools.television."platforms.linux-x64"]
checksum = "sha256:01894db9c61239e1b409c6d1b1d81d02d997ae8f0571d564c4beb9f759356204"
url = "https://github.com/alexpasmantier/television/releases/download/0.15.3/tv-0.15.3-x86_64-unknown-linux-musl.tar.gz"

[[tools.trivy]]
version = "0.69.3"
backend = "aqua:aquasecurity/trivy"

[tools.trivy."platforms.linux-x64"]
checksum = "sha256:1816b632dfe529869c740c0913e36bd1629cb7688bd5634f4a858c1d57c88b75"
url = "https://github.com/aquasecurity/trivy/releases/download/v0.69.3/trivy_0.69.3_Linux-64bit.tar.gz"

[[tools.uv]]
version = "0.10.11"
backend = "aqua:astral-sh/uv"

[tools.uv."platforms.linux-arm64"]
checksum = "sha256:5d80a7f6343d2676dfde1e5126582070a2bbc62df6f60d5527a169be3788532a"
url = "https://github.com/astral-sh/uv/releases/download/0.10.11/uv-aarch64-unknown-linux-musl.tar.gz"

[tools.uv."platforms.linux-arm64-musl"]
checksum = "sha256:5d80a7f6343d2676dfde1e5126582070a2bbc62df6f60d5527a169be3788532a"
url = "https://github.com/astral-sh/uv/releases/download/0.10.11/uv-aarch64-unknown-linux-musl.tar.gz"

[tools.uv."platforms.linux-x64"]
checksum = "sha256:d78246139dc6cf3ed6d03c84da762686bced7ad1de67977ee372a45b95a1f6d0"
url = "https://github.com/astral-sh/uv/releases/download/0.10.11/uv-x86_64-unknown-linux-musl.tar.gz"

[tools.uv."platforms.linux-x64-musl"]
checksum = "sha256:d78246139dc6cf3ed6d03c84da762686bced7ad1de67977ee372a45b95a1f6d0"
url = "https://github.com/astral-sh/uv/releases/download/0.10.11/uv-x86_64-unknown-linux-musl.tar.gz"

[tools.uv."platforms.macos-arm64"]
checksum = "sha256:437a7d498dd6564d5bf986074249ba1fc600e73da55ae04d7bd4c24d5f149b95"
url = "https://github.com/astral-sh/uv/releases/download/0.10.11/uv-aarch64-apple-darwin.tar.gz"

[tools.uv."platforms.macos-x64"]
checksum = "sha256:ff90020b554cf02ef8008535c9aab6ef27bb7be6b075359300dec79c361df897"
url = "https://github.com/astral-sh/uv/releases/download/0.10.11/uv-x86_64-apple-darwin.tar.gz"

[tools.uv."platforms.windows-x64"]
checksum = "sha256:9ee74df98582f37fdd6069e1caac80d2616f9a489f5dbb2b1c152f30be69c58e"
url = "https://github.com/astral-sh/uv/releases/download/0.10.11/uv-x86_64-pc-windows-msvc.zip"
